
Microsoft Visual Studio Solution File, Format Version 12.00
# Visual Studio Version 16
VisualStudioVersion = 16.0.31112.23
MinimumVisualStudioVersion = 10.0.40219.1
Project("{FAE04EC0-301F-11D3-BF4B-00C04F79EFBC}") = "SimpleWebServer", "SimpleWebServer\SimpleWebServer.csproj", "{3BA78303-E72B-4B7E-9CD7-466B4E0F8AF0}"
EndProject
Project("{FAE04EC0-301F-11D3-BF4B-00C04F79EFBC}") = "SimpleWebServerPayloads", "SimpleWebServerPayloads\SimpleWebServerPayloads.csproj", "{B6976D26-E56C-4200-B703-68AA640AA321}"
EndProject
Project("{FAE04EC0-301F-11D3-BF4B-00C04F79EFBC}") = "SimpleWebServerResponses", "SimpleWebServerResponses\SimpleWebServerResponses.csproj", "{8D8324B9-2428-4BC3-AFD1-22029648ED17}"
EndProject
Project("{FAE04EC0-301F-11D3-BF4B-00C04F79EFBC}") = "SimpleP2PClient", "SimpleP2PClient\SimpleP2PClient.csproj", "{D77749CD-F0E9-4183-9074-29696AA4726F}"
EndProject
Project("{FAE04EC0-301F-11D3-BF4B-00C04F79EFBC}") = "SimpleServerThread", "SimpleServerThread\SimpleServerThread.csproj", "{AE05CD76-E6A9-4E4A-AED4-12209289F958}"
EndProject
Global
	GlobalSection(SolutionConfigurationPlatforms) = preSolution
		Debug|Any CPU = Debug|Any CPU
		Release|Any CPU = Release|Any CPU
	EndGlobalSection
	GlobalSection(ProjectConfigurationPlatforms) = postSolution
		{3BA78303-E72B-4B7E-9CD7-466B4E0F8AF0}.Debug|Any CPU.ActiveCfg = Debug|Any CPU
		{3BA78303-E72B-4B7E-9CD7-466B4E0F8AF0}.Debug|Any CPU.Build.0 = Debug|Any CPU
		{3BA78303-E72B-4B7E-9CD7-466B4E0F8AF0}.Release|Any CPU.ActiveCfg = Release|Any CPU
		{3BA78303-E72B-4B7E-9CD7-466B4E0F8AF0}.Release|Any CPU.Build.0 = Release|Any CPU
		{B6976D26-E56C-4200-B703-68AA640AA321}.Debug|Any CPU.ActiveCfg = Debug|Any CPU
		{B6976D26-E56C-4200-B703-68AA640AA321}.Debug|Any CPU.Build.0 = Debug|Any CPU
		{B6976D26-E56C-4200-B703-68AA640AA321}.Release|Any CPU.ActiveCfg = Release|Any CPU
		{B6976D26-E56C-4200-B703-68AA640AA321}.Release|Any CPU.Build.0 = Release|Any CPU
		{8D8324B9-2428-4BC3-AFD1-22029648ED17}.Debug|Any CPU.ActiveCfg = Debug|Any CPU
		{8D8324B9-2428-4BC3-AFD1-22029648ED17}.Debug|Any CPU.Build.0 = Debug|Any CPU
		{8D8324B9-2428-4BC3-AFD1-22029648ED17}.Release|Any CPU.ActiveCfg = Release|Any CPU
		{8D8324B9-2428-4BC3-AFD1-22029648ED17}.Release|Any CPU.Build.0 = Release|Any CPU
		{D77749CD-F0E9-4183-9074-29696AA4726F}.Debug|Any CPU.ActiveCfg = Debug|Any CPU
		{D77749CD-F0E9-4183-9074-29696AA4726F}.Debug|Any CPU.Build.0 = Debug|Any CPU
		{D77749CD-F0E9-4183-9074-29696AA4726F}.Release|Any CPU.ActiveCfg = Release|Any CPU
		{D77749CD-F0E9-4183-9074-29696AA4726F}.Release|Any CPU.Build.0 = Release|Any CPU
		{AE05CD76-E6A9-4E4A-AED4-12209289F958}.Debug|Any CPU.ActiveCfg = Debug|Any CPU
		{AE05CD76-E6A9-4E4A-AED4-12209289F958}.Debug|Any CPU.Build.0 = Debug|Any CPU
		{AE05CD76-E6A9-4E4A-AED4-12209289F958}.Release|Any CPU.ActiveCfg = Release|Any CPU
		{AE05CD76-E6A9-4E4A-AED4-12209289F958}.Release|Any CPU.Build.0 = Release|Any CPU
	EndGlobalSection
	GlobalSection(SolutionProperties) = preSolution
		HideSolutionNode = FALSE
	EndGlobalSection
	GlobalSection(ExtensibilityGlobals) = postSolution
		SolutionGuid = {125A53F4-3F6F-484A-BA94-C2D3D9312BAD}
	EndGlobalSection
EndGlobal
